// !$*UTF8*$!
{
	archiveVersion = 1;
	classes = {
	};
	objectVersion = 70;
	objects = {

/* Begin PBXBuildFile section */
		6B84FE21D7C346B2 /* PendingSendManager.swift in Sources */ = {isa = PBXBuildFile; fileRef = B3582BDA6D42420A /* PendingSendManager.swift */; };
		A1000001 /* SimpleMailApp.swift in Sources */ = {isa = PBXBuildFile; fileRef = B1000001 /* SimpleMailApp.swift */; };
		A1000002 /* Email.swift in Sources */ = {isa = PBXBuildFile; fileRef = B1000002 /* Email.swift */; };
		A1000003 /* Briefing.swift in Sources */ = {isa = PBXBuildFile; fileRef = B1000003 /* Briefing.swift */; };
		A1000004 /* BriefingEngine.swift in Sources */ = {isa = PBXBuildFile; fileRef = B1000004 /* BriefingEngine.swift */; };
		A1000005 /* InboxView.swift in Sources */ = {isa = PBXBuildFile; fileRef = B1000005 /* InboxView.swift */; };
		A1000007 /* EmailDetailView.swift in Sources */ = {isa = PBXBuildFile; fileRef = B1000007 /* EmailDetailView.swift */; };
		A1000008 /* ComposeView.swift in Sources */ = {isa = PBXBuildFile; fileRef = B1000008 /* ComposeView.swift */; };
		A1000009 /* SnoozePickerSheet.swift in Sources */ = {isa = PBXBuildFile; fileRef = B1000009 /* SnoozePickerSheet.swift */; };
		A1000011 /* SettingsView.swift in Sources */ = {isa = PBXBuildFile; fileRef = B1000011 /* SettingsView.swift */; };
		A1000012 /* InboxViewModel.swift in Sources */ = {isa = PBXBuildFile; fileRef = B1000012 /* InboxViewModel.swift */; };
		A1000013 /* GmailService.swift in Sources */ = {isa = PBXBuildFile; fileRef = B1000013 /* GmailService.swift */; };
		A1000014 /* AuthService.swift in Sources */ = {isa = PBXBuildFile; fileRef = B1000014 /* AuthService.swift */; };
		A1000015 /* BackgroundSync.swift in Sources */ = {isa = PBXBuildFile; fileRef = B1000015 /* BackgroundSync.swift */; };
		A1000016 /* Assets.xcassets in Resources */ = {isa = PBXBuildFile; fileRef = B1000016 /* Assets.xcassets */; };
		A1000019 /* EmailCache.swift in Sources */ = {isa = PBXBuildFile; fileRef = B1000019 /* EmailCache.swift */; };
		A1000020 /* SnoozeManager.swift in Sources */ = {isa = PBXBuildFile; fileRef = B1000020 /* SnoozeManager.swift */; };
		A1000021 /* AttachmentViewer.swift in Sources */ = {isa = PBXBuildFile; fileRef = B1000021 /* AttachmentViewer.swift */; };
		A1000022 /* BatchOperations.swift in Sources */ = {isa = PBXBuildFile; fileRef = B1000022 /* BatchOperations.swift */; };
		A1000023 /* PeopleService.swift in Sources */ = {isa = PBXBuildFile; fileRef = B1000023 /* PeopleService.swift */; };
		A1000024 /* SmartAvatarView.swift in Sources */ = {isa = PBXBuildFile; fileRef = B1000024 /* SmartAvatarView.swift */; };
		A1000025 /* AvatarService.swift in Sources */ = {isa = PBXBuildFile; fileRef = B1000025 /* AvatarService.swift */; };
		A1000026 /* Config.swift in Sources */ = {isa = PBXBuildFile; fileRef = B1000026 /* Config.swift */; };
		A1000027 /* TimeoutConfig.swift in Sources */ = {isa = PBXBuildFile; fileRef = B1000027 /* TimeoutConfig.swift */; };
		A1000028 /* JSONCoding.swift in Sources */ = {isa = PBXBuildFile; fileRef = B1000028 /* JSONCoding.swift */; };
		A1000029 /* BrandRegistry.swift in Sources */ = {isa = PBXBuildFile; fileRef = B1000029 /* BrandRegistry.swift */; };
		A1000030 /* DomainNormalizer.swift in Sources */ = {isa = PBXBuildFile; fileRef = B1000030 /* DomainNormalizer.swift */; };
		A1000031 /* Color+Hex.swift in Sources */ = {isa = PBXBuildFile; fileRef = B1000031 /* Color+Hex.swift */; };
		A1000032 /* brand_registry.json in Resources */ = {isa = PBXBuildFile; fileRef = B1000032 /* brand_registry.json */; };
		A1000033 /* EmailFilters.swift in Sources */ = {isa = PBXBuildFile; fileRef = B1000033 /* EmailFilters.swift */; };
		A1000034 /* AccountDefaults.swift in Sources */ = {isa = PBXBuildFile; fileRef = B1000034 /* AccountDefaults.swift */; };
		A1000099 /* EmailPreviewParser.swift in Sources */ = {isa = PBXBuildFile; fileRef = B1000099 /* EmailPreviewParser.swift */; };
		A1000035 /* ScheduledSendManager.swift in Sources */ = {isa = PBXBuildFile; fileRef = B1000035 /* ScheduledSendManager.swift */; };
		A1000036 /* NetworkRetry.swift in Sources */ = {isa = PBXBuildFile; fileRef = B1000036 /* NetworkRetry.swift */; };
		A1000037 /* ErrorBanner.swift in Sources */ = {isa = PBXBuildFile; fileRef = B1000037 /* ErrorBanner.swift */; };
		A1000038 /* SearchHistoryManager.swift in Sources */ = {isa = PBXBuildFile; fileRef = B1000038 /* SearchHistoryManager.swift */; };
		A1000039 /* SpeechRecognizer.swift in Sources */ = {isa = PBXBuildFile; fileRef = B1000039 /* SpeechRecognizer.swift */; };
		A1000040 /* SearchFilter.swift in Sources */ = {isa = PBXBuildFile; fileRef = B1000040 /* SearchFilter.swift */; };
		A1000042 /* LocationSheetView.swift in Sources */ = {isa = PBXBuildFile; fileRef = B1000042 /* LocationSheetView.swift */; };
		A1000043 /* SummaryCache.swift in Sources */ = {isa = PBXBuildFile; fileRef = B1000043 /* SummaryCache.swift */; };
		A1000044 /* SummaryService.swift in Sources */ = {isa = PBXBuildFile; fileRef = B1000044 /* SummaryService.swift */; };
		A1000045 /* SummaryQueue.swift in Sources */ = {isa = PBXBuildFile; fileRef = B1000045 /* SummaryQueue.swift */; };
		A1000046 /* NetworkMonitor.swift in Sources */ = {isa = PBXBuildFile; fileRef = B1000046 /* NetworkMonitor.swift */; };
		A1000047 /* OutboxManager.swift in Sources */ = {isa = PBXBuildFile; fileRef = B1000047 /* OutboxManager.swift */; };
		A1000048 /* BodyPrefetchQueue.swift in Sources */ = {isa = PBXBuildFile; fileRef = B1000048 /* BodyPrefetchQueue.swift */; };
		A1000049 /* QueuedEmail.swift in Sources */ = {isa = PBXBuildFile; fileRef = B1000049 /* QueuedEmail.swift */; };
		A1000050 /* EmailPreviewNormalizer.swift in Sources */ = {isa = PBXBuildFile; fileRef = B1000050 /* EmailPreviewNormalizer.swift */; };
		A1000051 /* BottomCommandSurface.swift in Sources */ = {isa = PBXBuildFile; fileRef = B1000051 /* BottomCommandSurface.swift */; };
		A1000052 /* SwipeActionRow.swift in Sources */ = {isa = PBXBuildFile; fileRef = B1000052 /* SwipeActionRow.swift */; };
/* End PBXBuildFile section */

/* Begin PBXContainerItemProxy section */
		4DC2BDD62F063BC300D0267A /* PBXContainerItemProxy */ = {
			isa = PBXContainerItemProxy;
			containerPortal = E1000001 /* Project object */;
			proxyType = 1;
			remoteGlobalIDString = E0000001;
			remoteInfo = SimpleMail;
		};
/* End PBXContainerItemProxy section */

/* Begin PBXFileReference section */
		4DC2BDD02F063BC300D0267A /* SimpleMailUITests.xctest */ = {isa = PBXFileReference; explicitFileType = wrapper.cfbundle; includeInIndex = 0; path = SimpleMailUITests.xctest; sourceTree = BUILT_PRODUCTS_DIR; };
		B0000001 /* SimpleMail.app */ = {isa = PBXFileReference; explicitFileType = wrapper.application; includeInIndex = 0; path = SimpleMail.app; sourceTree = BUILT_PRODUCTS_DIR; };
		B1000001 /* SimpleMailApp.swift */ = {isa = PBXFileReference; lastKnownFileType = sourcecode.swift; path = SimpleMailApp.swift; sourceTree = "<group>"; };
		B1000002 /* Email.swift */ = {isa = PBXFileReference; lastKnownFileType = sourcecode.swift; path = Email.swift; sourceTree = "<group>"; };
		B1000003 /* Briefing.swift */ = {isa = PBXFileReference; lastKnownFileType = sourcecode.swift; path = Briefing.swift; sourceTree = "<group>"; };
		B1000004 /* BriefingEngine.swift */ = {isa = PBXFileReference; lastKnownFileType = sourcecode.swift; path = BriefingEngine.swift; sourceTree = "<group>"; };
		B1000005 /* InboxView.swift */ = {isa = PBXFileReference; lastKnownFileType = sourcecode.swift; path = InboxView.swift; sourceTree = "<group>"; };
		B1000007 /* EmailDetailView.swift */ = {isa = PBXFileReference; lastKnownFileType = sourcecode.swift; path = EmailDetailView.swift; sourceTree = "<group>"; };
		B1000008 /* ComposeView.swift */ = {isa = PBXFileReference; lastKnownFileType = sourcecode.swift; path = ComposeView.swift; sourceTree = "<group>"; };
		B1000009 /* SnoozePickerSheet.swift */ = {isa = PBXFileReference; lastKnownFileType = sourcecode.swift; path = SnoozePickerSheet.swift; sourceTree = "<group>"; };
		B1000011 /* SettingsView.swift */ = {isa = PBXFileReference; lastKnownFileType = sourcecode.swift; path = SettingsView.swift; sourceTree = "<group>"; };
		B1000012 /* InboxViewModel.swift */ = {isa = PBXFileReference; lastKnownFileType = sourcecode.swift; path = InboxViewModel.swift; sourceTree = "<group>"; };
		B1000013 /* GmailService.swift */ = {isa = PBXFileReference; lastKnownFileType = sourcecode.swift; path = GmailService.swift; sourceTree = "<group>"; };
		B1000014 /* AuthService.swift */ = {isa = PBXFileReference; lastKnownFileType = sourcecode.swift; path = AuthService.swift; sourceTree = "<group>"; };
		B1000015 /* BackgroundSync.swift */ = {isa = PBXFileReference; lastKnownFileType = sourcecode.swift; path = BackgroundSync.swift; sourceTree = "<group>"; };
		B1000016 /* Assets.xcassets */ = {isa = PBXFileReference; lastKnownFileType = folder.assetcatalog; path = Assets.xcassets; sourceTree = "<group>"; };
		B1000017 /* Info.plist */ = {isa = PBXFileReference; lastKnownFileType = text.plist.xml; path = Info.plist; sourceTree = "<group>"; };
		B1000018 /* SimpleMail.entitlements */ = {isa = PBXFileReference; lastKnownFileType = text.plist.entitlements; path = SimpleMail.entitlements; sourceTree = "<group>"; };
		B1000019 /* EmailCache.swift */ = {isa = PBXFileReference; lastKnownFileType = sourcecode.swift; path = EmailCache.swift; sourceTree = "<group>"; };
		B1000020 /* SnoozeManager.swift */ = {isa = PBXFileReference; lastKnownFileType = sourcecode.swift; path = SnoozeManager.swift; sourceTree = "<group>"; };
		B1000021 /* AttachmentViewer.swift */ = {isa = PBXFileReference; lastKnownFileType = sourcecode.swift; path = AttachmentViewer.swift; sourceTree = "<group>"; };
		B1000022 /* BatchOperations.swift */ = {isa = PBXFileReference; lastKnownFileType = sourcecode.swift; path = BatchOperations.swift; sourceTree = "<group>"; };
		B1000023 /* PeopleService.swift */ = {isa = PBXFileReference; lastKnownFileType = sourcecode.swift; path = PeopleService.swift; sourceTree = "<group>"; };
		B1000024 /* SmartAvatarView.swift */ = {isa = PBXFileReference; lastKnownFileType = sourcecode.swift; path = SmartAvatarView.swift; sourceTree = "<group>"; };
		B1000025 /* AvatarService.swift */ = {isa = PBXFileReference; lastKnownFileType = sourcecode.swift; path = AvatarService.swift; sourceTree = "<group>"; };
		B1000026 /* Config.swift */ = {isa = PBXFileReference; lastKnownFileType = sourcecode.swift; path = Config.swift; sourceTree = "<group>"; };
		B1000027 /* TimeoutConfig.swift */ = {isa = PBXFileReference; lastKnownFileType = sourcecode.swift; path = TimeoutConfig.swift; sourceTree = "<group>"; };
		B1000028 /* JSONCoding.swift */ = {isa = PBXFileReference; lastKnownFileType = sourcecode.swift; path = JSONCoding.swift; sourceTree = "<group>"; };
		B1000029 /* BrandRegistry.swift */ = {isa = PBXFileReference; lastKnownFileType = sourcecode.swift; path = BrandRegistry.swift; sourceTree = "<group>"; };
		B1000030 /* DomainNormalizer.swift */ = {isa = PBXFileReference; lastKnownFileType = sourcecode.swift; path = DomainNormalizer.swift; sourceTree = "<group>"; };
		B1000031 /* Color+Hex.swift */ = {isa = PBXFileReference; lastKnownFileType = sourcecode.swift; path = "Color+Hex.swift"; sourceTree = "<group>"; };
		B1000032 /* brand_registry.json */ = {isa = PBXFileReference; lastKnownFileType = text.json; path = brand_registry.json; sourceTree = "<group>"; };
		B1000033 /* EmailFilters.swift */ = {isa = PBXFileReference; lastKnownFileType = sourcecode.swift; path = EmailFilters.swift; sourceTree = "<group>"; };
		B1000034 /* AccountDefaults.swift */ = {isa = PBXFileReference; lastKnownFileType = sourcecode.swift; path = AccountDefaults.swift; sourceTree = "<group>"; };
		B1000099 /* EmailPreviewParser.swift */ = {isa = PBXFileReference; lastKnownFileType = sourcecode.swift; path = EmailPreviewParser.swift; sourceTree = "<group>"; };
		B1000035 /* ScheduledSendManager.swift */ = {isa = PBXFileReference; lastKnownFileType = sourcecode.swift; path = ScheduledSendManager.swift; sourceTree = "<group>"; };
		B1000036 /* NetworkRetry.swift */ = {isa = PBXFileReference; lastKnownFileType = sourcecode.swift; path = NetworkRetry.swift; sourceTree = "<group>"; };
		B1000037 /* ErrorBanner.swift */ = {isa = PBXFileReference; lastKnownFileType = sourcecode.swift; path = ErrorBanner.swift; sourceTree = "<group>"; };
		B1000038 /* SearchHistoryManager.swift */ = {isa = PBXFileReference; lastKnownFileType = sourcecode.swift; path = SearchHistoryManager.swift; sourceTree = "<group>"; };
		B1000039 /* SpeechRecognizer.swift */ = {isa = PBXFileReference; lastKnownFileType = sourcecode.swift; path = SpeechRecognizer.swift; sourceTree = "<group>"; };
		B1000040 /* SearchFilter.swift */ = {isa = PBXFileReference; lastKnownFileType = sourcecode.swift; path = SearchFilter.swift; sourceTree = "<group>"; };
		B1000042 /* LocationSheetView.swift */ = {isa = PBXFileReference; lastKnownFileType = sourcecode.swift; path = LocationSheetView.swift; sourceTree = "<group>"; };
		B1000043 /* SummaryCache.swift */ = {isa = PBXFileReference; lastKnownFileType = sourcecode.swift; path = SummaryCache.swift; sourceTree = "<group>"; };
		B1000044 /* SummaryService.swift */ = {isa = PBXFileReference; lastKnownFileType = sourcecode.swift; path = SummaryService.swift; sourceTree = "<group>"; };
		B1000045 /* SummaryQueue.swift */ = {isa = PBXFileReference; lastKnownFileType = sourcecode.swift; path = SummaryQueue.swift; sourceTree = "<group>"; };
		B1000046 /* NetworkMonitor.swift */ = {isa = PBXFileReference; lastKnownFileType = sourcecode.swift; path = NetworkMonitor.swift; sourceTree = "<group>"; };
		B1000047 /* OutboxManager.swift */ = {isa = PBXFileReference; lastKnownFileType = sourcecode.swift; path = OutboxManager.swift; sourceTree = "<group>"; };
		B1000048 /* BodyPrefetchQueue.swift */ = {isa = PBXFileReference; lastKnownFileType = sourcecode.swift; path = BodyPrefetchQueue.swift; sourceTree = "<group>"; };
		B1000049 /* QueuedEmail.swift */ = {isa = PBXFileReference; lastKnownFileType = sourcecode.swift; path = QueuedEmail.swift; sourceTree = "<group>"; };
		B1000050 /* EmailPreviewNormalizer.swift */ = {isa = PBXFileReference; lastKnownFileType = sourcecode.swift; path = EmailPreviewNormalizer.swift; sourceTree = "<group>"; };
		B1000051 /* BottomCommandSurface.swift */ = {isa = PBXFileReference; lastKnownFileType = sourcecode.swift; path = BottomCommandSurface.swift; sourceTree = "<group>"; };
		B1000052 /* SwipeActionRow.swift */ = {isa = PBXFileReference; lastKnownFileType = sourcecode.swift; path = SwipeActionRow.swift; sourceTree = "<group>"; };
		B3582BDA6D42420A /* PendingSendManager.swift */ = {isa = PBXFileReference; lastKnownFileType = sourcecode.swift; path = PendingSendManager.swift; sourceTree = "<group>"; };
/* End PBXFileReference section */

/* Begin PBXFileSystemSynchronizedRootGroup section */
		4DC2BDD12F063BC300D0267A /* SimpleMailUITests */ = {isa = PBXFileSystemSynchronizedRootGroup; explicitFileTypes = {}; explicitFolders = (); path = SimpleMailUITests; sourceTree = "<group>"; };
/* End PBXFileSystemSynchronizedRootGroup section */

/* Begin PBXFrameworksBuildPhase section */
		4DC2BDCD2F063BC300D0267A /* Frameworks */ = {
			isa = PBXFrameworksBuildPhase;
			buildActionMask = 2147483647;
			files = (
			);
			runOnlyForDeploymentPostprocessing = 0;
		};
		C0000001 /* Frameworks */ = {
			isa = PBXFrameworksBuildPhase;
			buildActionMask = 2147483647;
			files = (
			);
			runOnlyForDeploymentPostprocessing = 0;
		};
/* End PBXFrameworksBuildPhase section */

/* Begin PBXGroup section */
		D0000001 = {
			isa = PBXGroup;
			children = (
				D0000002 /* SimpleMail/Sources */,
				4DC2BDD12F063BC300D0267A /* SimpleMailUITests */,
				D0000003 /* Products */,
			);
			sourceTree = "<group>";
		};
		D0000002 /* SimpleMail/Sources */ = {
			isa = PBXGroup;
			children = (
				B1000001 /* SimpleMailApp.swift */,
				D0000004 /* Models */,
				D0000005 /* Views */,
				D0000006 /* ViewModels */,
				D0000007 /* Engine */,
				D0000008 /* Services */,
				D0000009 /* Config */,
				D0000010 /* Utils */,
				B1000016 /* Assets.xcassets */,
				D0000011 /* Resources */,
				B1000017 /* Info.plist */,
				B1000018 /* SimpleMail.entitlements */,
			);
			path = SimpleMail/Sources;
			sourceTree = "<group>";
		};
		D0000003 /* Products */ = {
			isa = PBXGroup;
			children = (
				B0000001 /* SimpleMail.app */,
				4DC2BDD02F063BC300D0267A /* SimpleMailUITests.xctest */,
			);
			name = Products;
			sourceTree = "<group>";
		};
		D0000004 /* Models */ = {
			isa = PBXGroup;
			children = (
				B1000002 /* Email.swift */,
				B1000003 /* Briefing.swift */,
				B1000040 /* SearchFilter.swift */,
				B1000049 /* QueuedEmail.swift */,
			);
			path = Models;
			sourceTree = "<group>";
		};
		D0000005 /* Views */ = {
			isa = PBXGroup;
			children = (
				D0000012 /* Components */,
				B1000005 /* InboxView.swift */,
				B1000042 /* LocationSheetView.swift */,
				B1000007 /* EmailDetailView.swift */,
				B1000008 /* ComposeView.swift */,
				B1000009 /* SnoozePickerSheet.swift */,
				B1000011 /* SettingsView.swift */,
				B1000021 /* AttachmentViewer.swift */,
				B1000022 /* BatchOperations.swift */,
				B1000024 /* SmartAvatarView.swift */,
				B1000051 /* BottomCommandSurface.swift */,
				B1000052 /* SwipeActionRow.swift */,
			);
			path = Views;
			sourceTree = "<group>";
		};
		D0000006 /* ViewModels */ = {
			isa = PBXGroup;
			children = (
				B1000012 /* InboxViewModel.swift */,
			);
			path = ViewModels;
			sourceTree = "<group>";
		};
		D0000007 /* Engine */ = {
			isa = PBXGroup;
			children = (
				B1000004 /* BriefingEngine.swift */,
			);
			path = Engine;
			sourceTree = "<group>";
		};
		D0000008 /* Services */ = {
			isa = PBXGroup;
			children = (
				B1000013 /* GmailService.swift */,
				B1000014 /* AuthService.swift */,
				B3582BDA6D42420A /* PendingSendManager.swift */,
				B1000043 /* SummaryCache.swift */,
				B1000044 /* SummaryService.swift */,
				B1000045 /* SummaryQueue.swift */,
				B1000015 /* BackgroundSync.swift */,
				B1000019 /* EmailCache.swift */,
				B1000020 /* SnoozeManager.swift */,
				B1000035 /* ScheduledSendManager.swift */,
				B1000023 /* PeopleService.swift */,
				B1000025 /* AvatarService.swift */,
				B1000029 /* BrandRegistry.swift */,
				B1000030 /* DomainNormalizer.swift */,
				B1000038 /* SearchHistoryManager.swift */,
				B1000039 /* SpeechRecognizer.swift */,
				B1000046 /* NetworkMonitor.swift */,
				B1000047 /* OutboxManager.swift */,
				B1000048 /* BodyPrefetchQueue.swift */,
			);
			path = Services;
			sourceTree = "<group>";
		};
		D0000009 /* Config */ = {
			isa = PBXGroup;
			children = (
				B1000026 /* Config.swift */,
				B1000027 /* TimeoutConfig.swift */,
			);
			path = Config;
			sourceTree = "<group>";
		};
		D0000010 /* Utils */ = {
			isa = PBXGroup;
			children = (
				B1000028 /* JSONCoding.swift */,
				B1000031 /* Color+Hex.swift */,
				B1000033 /* EmailFilters.swift */,
				B1000034 /* AccountDefaults.swift */,
				B1000036 /* NetworkRetry.swift */,
				B1000099 /* EmailPreviewParser.swift */,
				B1000050 /* EmailPreviewNormalizer.swift */,
			);
			path = Utils;
			sourceTree = "<group>";
		};
		D0000011 /* Resources */ = {
			isa = PBXGroup;
			children = (
				B1000032 /* brand_registry.json */,
			);
			path = Resources;
			sourceTree = "<group>";
		};
		D0000012 /* Components */ = {
			isa = PBXGroup;
			children = (
				B1000037 /* ErrorBanner.swift */,
			);
			path = Components;
			sourceTree = "<group>";
		};
/* End PBXGroup section */

/* Begin PBXNativeTarget section */
		4DC2BDCF2F063BC300D0267A /* SimpleMailUITests */ = {
			isa = PBXNativeTarget;
			buildConfigurationList = 4DC2BDDA2F063BC300D0267A /* Build configuration list for PBXNativeTarget "SimpleMailUITests" */;
			buildPhases = (
				4DC2BDCC2F063BC300D0267A /* Sources */,
				4DC2BDCD2F063BC300D0267A /* Frameworks */,
				4DC2BDCE2F063BC300D0267A /* Resources */,
			);
			buildRules = (
			);
			dependencies = (
				4DC2BDD72F063BC300D0267A /* PBXTargetDependency */,
			);
			fileSystemSynchronizedGroups = (
				4DC2BDD12F063BC300D0267A /* SimpleMailUITests */,
			);
			name = SimpleMailUITests;
			packageProductDependencies = (
			);
			productName = SimpleMailUITests;
			productReference = 4DC2BDD02F063BC300D0267A /* SimpleMailUITests.xctest */;
			productType = "com.apple.product-type.bundle.ui-testing";
		};
		E0000001 /* SimpleMail */ = {
			isa = PBXNativeTarget;
			buildConfigurationList = F0000001 /* Build configuration list for PBXNativeTarget "SimpleMail" */;
			buildPhases = (
				E0000002 /* Sources */,
				E0000003 /* Resources */,
				C0000001 /* Frameworks */,
			);
			buildRules = (
			);
			dependencies = (
			);
			name = SimpleMail;
			productName = SimpleMail;
			productReference = B0000001 /* SimpleMail.app */;
			productType = "com.apple.product-type.application";
		};
/* End PBXNativeTarget section */

/* Begin PBXProject section */
		E1000001 /* Project object */ = {
			isa = PBXProject;
			attributes = {
				BuildIndependentTargetsInParallel = 1;
				LastSwiftUpdateCheck = 2620;
				LastUpgradeCheck = 2620;
				TargetAttributes = {
					4DC2BDCF2F063BC300D0267A = {
						CreatedOnToolsVersion = 26.2;
						TestTargetID = E0000001;
					};
					E0000001 = {
						CreatedOnToolsVersion = 15.2;
					};
				};
			};
			buildConfigurationList = F0000002 /* Build configuration list for PBXProject "SimpleMail" */;
			compatibilityVersion = "Xcode 14.0";
			developmentRegion = en;
			hasScannedForEncodings = 0;
			knownRegions = (
				en,
				Base,
			);
			mainGroup = D0000001;
			productRefGroup = D0000003 /* Products */;
			projectDirPath = "";
			projectRoot = "";
			targets = (
				E0000001 /* SimpleMail */,
				4DC2BDCF2F063BC300D0267A /* SimpleMailUITests */,
			);
		};
/* End PBXProject section */

/* Begin PBXResourcesBuildPhase section */
		4DC2BDCE2F063BC300D0267A /* Resources */ = {
			isa = PBXResourcesBuildPhase;
			buildActionMask = 2147483647;
			files = (
			);
			runOnlyForDeploymentPostprocessing = 0;
		};
		E0000003 /* Resources */ = {
			isa = PBXResourcesBuildPhase;
			buildActionMask = 2147483647;
			files = (
				A1000016 /* Assets.xcassets in Resources */,
				A1000032 /* brand_registry.json in Resources */,
			);
			runOnlyForDeploymentPostprocessing = 0;
		};
/* End PBXResourcesBuildPhase section */

/* Begin PBXSourcesBuildPhase section */
		4DC2BDCC2F063BC300D0267A /* Sources */ = {
			isa = PBXSourcesBuildPhase;
			buildActionMask = 2147483647;
			files = (
			);
			runOnlyForDeploymentPostprocessing = 0;
		};
		E0000002 /* Sources */ = {
			isa = PBXSourcesBuildPhase;
			buildActionMask = 2147483647;
			files = (
				A1000001 /* SimpleMailApp.swift in Sources */,
				6B84FE21D7C346B2 /* PendingSendManager.swift in Sources */,
				A1000043 /* SummaryCache.swift in Sources */,
				A1000044 /* SummaryService.swift in Sources */,
				A1000045 /* SummaryQueue.swift in Sources */,
				A1000002 /* Email.swift in Sources */,
				A1000003 /* Briefing.swift in Sources */,
				A1000004 /* BriefingEngine.swift in Sources */,
				A1000005 /* InboxView.swift in Sources */,
				A1000042 /* LocationSheetView.swift in Sources */,
				A1000007 /* EmailDetailView.swift in Sources */,
				A1000008 /* ComposeView.swift in Sources */,
				A1000009 /* SnoozePickerSheet.swift in Sources */,
				A1000011 /* SettingsView.swift in Sources */,
				A1000012 /* InboxViewModel.swift in Sources */,
				A1000013 /* GmailService.swift in Sources */,
				A1000014 /* AuthService.swift in Sources */,
				A1000015 /* BackgroundSync.swift in Sources */,
				A1000019 /* EmailCache.swift in Sources */,
				A1000020 /* SnoozeManager.swift in Sources */,
				A1000021 /* AttachmentViewer.swift in Sources */,
				A1000022 /* BatchOperations.swift in Sources */,
				A1000023 /* PeopleService.swift in Sources */,
				A1000024 /* SmartAvatarView.swift in Sources */,
				A1000025 /* AvatarService.swift in Sources */,
				A1000026 /* Config.swift in Sources */,
				A1000027 /* TimeoutConfig.swift in Sources */,
				A1000028 /* JSONCoding.swift in Sources */,
				A1000029 /* BrandRegistry.swift in Sources */,
				A1000030 /* DomainNormalizer.swift in Sources */,
				A1000031 /* Color+Hex.swift in Sources */,
				A1000033 /* EmailFilters.swift in Sources */,
				A1000034 /* AccountDefaults.swift in Sources */,
				A1000099 /* EmailPreviewParser.swift in Sources */,
				A1000035 /* ScheduledSendManager.swift in Sources */,
				A1000036 /* NetworkRetry.swift in Sources */,
				A1000037 /* ErrorBanner.swift in Sources */,
				A1000038 /* SearchHistoryManager.swift in Sources */,
				A1000039 /* SpeechRecognizer.swift in Sources */,
				A1000040 /* SearchFilter.swift in Sources */,
				A1000046 /* NetworkMonitor.swift in Sources */,
				A1000047 /* OutboxManager.swift in Sources */,
				A1000048 /* BodyPrefetchQueue.swift in Sources */,
				A1000049 /* QueuedEmail.swift in Sources */,
				A1000050 /* EmailPreviewNormalizer.swift in Sources */,
				A1000051 /* BottomCommandSurface.swift in Sources */,
				A1000052 /* SwipeActionRow.swift in Sources */,
			);
			runOnlyForDeploymentPostprocessing = 0;
		};
/* End PBXSourcesBuildPhase section */

/* Begin PBXTargetDependency section */
		4DC2BDD72F063BC300D0267A /* PBXTargetDependency */ = {
			isa = PBXTargetDependency;
			target = E0000001 /* SimpleMail */;
			targetProxy = 4DC2BDD62F063BC300D0267A /* PBXContainerItemProxy */;
		};
/* End PBXTargetDependency section */

/* Begin XCBuildConfiguration section */
		4DC2BDD82F063BC300D0267A /* Debug */ = {
			isa = XCBuildConfiguration;
			buildSettings = {
				CODE_SIGN_STYLE = Automatic;
				CURRENT_PROJECT_VERSION = 1;
				GENERATE_INFOPLIST_FILE = YES;
				IPHONEOS_DEPLOYMENT_TARGET = 26.2;
				MARKETING_VERSION = 1.0;
				PRODUCT_BUNDLE_IDENTIFIER = io.github.M2gabyte.SimpleMailUITests;
				PRODUCT_NAME = "$(TARGET_NAME)";
				STRING_CATALOG_GENERATE_SYMBOLS = NO;
				SWIFT_APPROACHABLE_CONCURRENCY = YES;
				SWIFT_EMIT_LOC_STRINGS = NO;
				SWIFT_UPCOMING_FEATURE_MEMBER_IMPORT_VISIBILITY = YES;
				SWIFT_VERSION = 5.0;
				TARGETED_DEVICE_FAMILY = "1,2";
				TEST_TARGET_NAME = SimpleMail;
			};
			name = Debug;
		};
		4DC2BDD92F063BC300D0267A /* Release */ = {
			isa = XCBuildConfiguration;
			buildSettings = {
				CODE_SIGN_STYLE = Automatic;
				CURRENT_PROJECT_VERSION = 1;
				GENERATE_INFOPLIST_FILE = YES;
				IPHONEOS_DEPLOYMENT_TARGET = 26.2;
				MARKETING_VERSION = 1.0;
				PRODUCT_BUNDLE_IDENTIFIER = io.github.M2gabyte.SimpleMailUITests;
				PRODUCT_NAME = "$(TARGET_NAME)";
				STRING_CATALOG_GENERATE_SYMBOLS = NO;
				SWIFT_APPROACHABLE_CONCURRENCY = YES;
				SWIFT_EMIT_LOC_STRINGS = NO;
				SWIFT_UPCOMING_FEATURE_MEMBER_IMPORT_VISIBILITY = YES;
				SWIFT_VERSION = 5.0;
				TARGETED_DEVICE_FAMILY = "1,2";
				TEST_TARGET_NAME = SimpleMail;
			};
			name = Release;
		};
		G0000001 /* Debug */ = {
			isa = XCBuildConfiguration;
			buildSettings = {
				ASSETCATALOG_COMPILER_APPICON_NAME = AppIcon;
				ASSETCATALOG_COMPILER_GLOBAL_ACCENT_COLOR_NAME = AccentColor;
				CODE_SIGN_ENTITLEMENTS = SimpleMail/Sources/SimpleMail.entitlements;
				CODE_SIGN_STYLE = Automatic;
				CURRENT_PROJECT_VERSION = 1;
				ENABLE_PREVIEWS = YES;
				GENERATE_INFOPLIST_FILE = NO;
				INFOPLIST_FILE = SimpleMail/Sources/Info.plist;
				INFOPLIST_KEY_CFBundleDisplayName = SimpleMail;
				INFOPLIST_KEY_LSApplicationCategoryType = "public.app-category.productivity";
				INFOPLIST_KEY_UIApplicationSceneManifest_Generation = NO;
				INFOPLIST_KEY_UIApplicationSupportsIndirectInputEvents = YES;
				INFOPLIST_KEY_UILaunchScreen_Generation = NO;
				INFOPLIST_KEY_UISupportedInterfaceOrientations = "UIInterfaceOrientationPortrait UIInterfaceOrientationLandscapeLeft UIInterfaceOrientationLandscapeRight";
				INFOPLIST_KEY_UISupportedInterfaceOrientations_iPad = "UIInterfaceOrientationPortrait UIInterfaceOrientationPortraitUpsideDown UIInterfaceOrientationLandscapeLeft UIInterfaceOrientationLandscapeRight";
				IPHONEOS_DEPLOYMENT_TARGET = 26.2;
				LD_RUNPATH_SEARCH_PATHS = (
					"$(inherited)",
					"@executable_path/Frameworks",
				);
				MARKETING_VERSION = 1.0.0;
				PRODUCT_BUNDLE_IDENTIFIER = com.simplemail.app;
				PRODUCT_NAME = "$(TARGET_NAME)";
				SWIFT_EMIT_LOC_STRINGS = YES;
				SWIFT_VERSION = 5.0;
				TARGETED_DEVICE_FAMILY = "1,2";
			};
			name = Debug;
		};
		G0000002 /* Release */ = {
			isa = XCBuildConfiguration;
			buildSettings = {
				ASSETCATALOG_COMPILER_APPICON_NAME = AppIcon;
				ASSETCATALOG_COMPILER_GLOBAL_ACCENT_COLOR_NAME = AccentColor;
				CODE_SIGN_ENTITLEMENTS = SimpleMail/Sources/SimpleMail.entitlements;
				CODE_SIGN_STYLE = Automatic;
				CURRENT_PROJECT_VERSION = 1;
				ENABLE_PREVIEWS = YES;
				GENERATE_INFOPLIST_FILE = NO;
				INFOPLIST_FILE = SimpleMail/Sources/Info.plist;
				INFOPLIST_KEY_CFBundleDisplayName = SimpleMail;
				INFOPLIST_KEY_LSApplicationCategoryType = "public.app-category.productivity";
				INFOPLIST_KEY_UIApplicationSceneManifest_Generation = NO;
				INFOPLIST_KEY_UIApplicationSupportsIndirectInputEvents = YES;
				INFOPLIST_KEY_UILaunchScreen_Generation = NO;
				INFOPLIST_KEY_UISupportedInterfaceOrientations = "UIInterfaceOrientationPortrait UIInterfaceOrientationLandscapeLeft UIInterfaceOrientationLandscapeRight";
				INFOPLIST_KEY_UISupportedInterfaceOrientations_iPad = "UIInterfaceOrientationPortrait UIInterfaceOrientationPortraitUpsideDown UIInterfaceOrientationLandscapeLeft UIInterfaceOrientationLandscapeRight";
				IPHONEOS_DEPLOYMENT_TARGET = 26.2;
				LD_RUNPATH_SEARCH_PATHS = (
					"$(inherited)",
					"@executable_path/Frameworks",
				);
				MARKETING_VERSION = 1.0.0;
				PRODUCT_BUNDLE_IDENTIFIER = com.simplemail.app;
				PRODUCT_NAME = "$(TARGET_NAME)";
				SWIFT_EMIT_LOC_STRINGS = YES;
				SWIFT_VERSION = 5.0;
				TARGETED_DEVICE_FAMILY = "1,2";
			};
			name = Release;
		};
		G0000003 /* Debug */ = {
			isa = XCBuildConfiguration;
			buildSettings = {
				ALWAYS_SEARCH_USER_PATHS = NO;
				ASSETCATALOG_COMPILER_GENERATE_SWIFT_ASSET_SYMBOL_EXTENSIONS = YES;
				CLANG_ANALYZER_NONNULL = YES;
				CLANG_ANALYZER_NUMBER_OBJECT_CONVERSION = YES_AGGRESSIVE;
				CLANG_CXX_LANGUAGE_STANDARD = "gnu++20";
				CLANG_ENABLE_MODULES = YES;
				CLANG_ENABLE_OBJC_ARC = YES;
				CLANG_ENABLE_OBJC_WEAK = YES;
				CLANG_WARN_BLOCK_CAPTURE_AUTORELEASING = YES;
				CLANG_WARN_BOOL_CONVERSION = YES;
				CLANG_WARN_COMMA = YES;
				CLANG_WARN_CONSTANT_CONVERSION = YES;
				CLANG_WARN_DEPRECATED_OBJC_IMPLEMENTATIONS = YES;
				CLANG_WARN_DIRECT_OBJC_ISA_USAGE = YES_ERROR;
				CLANG_WARN_DOCUMENTATION_COMMENTS = YES;
				CLANG_WARN_EMPTY_BODY = YES;
				CLANG_WARN_ENUM_CONVERSION = YES;
				CLANG_WARN_INFINITE_RECURSION = YES;
				CLANG_WARN_INT_CONVERSION = YES;
				CLANG_WARN_NON_LITERAL_NULL_CONVERSION = YES;
				CLANG_WARN_OBJC_IMPLICIT_RETAIN_SELF = YES;
				CLANG_WARN_OBJC_LITERAL_CONVERSION = YES;
				CLANG_WARN_OBJC_ROOT_CLASS = YES_ERROR;
				CLANG_WARN_QUOTED_INCLUDE_IN_FRAMEWORK_HEADER = YES;
				CLANG_WARN_RANGE_LOOP_ANALYSIS = YES;
				CLANG_WARN_STRICT_PROTOTYPES = YES;
				CLANG_WARN_SUSPICIOUS_MOVE = YES;
				CLANG_WARN_UNGUARDED_AVAILABILITY = YES_AGGRESSIVE;
				CLANG_WARN_UNREACHABLE_CODE = YES;
				CLANG_WARN__DUPLICATE_METHOD_MATCH = YES;
				COPY_PHASE_STRIP = NO;
				DEBUG_INFORMATION_FORMAT = dwarf;
				DEVELOPMENT_TEAM = VV6PB4PX4X;
				ENABLE_STRICT_OBJC_MSGSEND = YES;
				ENABLE_TESTABILITY = YES;
				ENABLE_USER_SCRIPT_SANDBOXING = YES;
				GCC_C_LANGUAGE_STANDARD = gnu17;
				GCC_DYNAMIC_NO_PIC = NO;
				GCC_NO_COMMON_BLOCKS = YES;
				GCC_OPTIMIZATION_LEVEL = 0;
				GCC_PREPROCESSOR_DEFINITIONS = (
					"DEBUG=1",
					"$(inherited)",
				);
				GCC_WARN_64_TO_32_BIT_CONVERSION = YES;
				GCC_WARN_ABOUT_RETURN_TYPE = YES_ERROR;
				GCC_WARN_UNDECLARED_SELECTOR = YES;
				GCC_WARN_UNINITIALIZED_AUTOS = YES_AGGRESSIVE;
				GCC_WARN_UNUSED_FUNCTION = YES;
				GCC_WARN_UNUSED_VARIABLE = YES;
				IPHONEOS_DEPLOYMENT_TARGET = 26.2;
				LOCALIZATION_PREFERS_STRING_CATALOGS = YES;
				MTL_ENABLE_DEBUG_INFO = INCLUDE_SOURCE;
				MTL_FAST_MATH = YES;
				ONLY_ACTIVE_ARCH = YES;
				SDKROOT = iphoneos;
				STRING_CATALOG_GENERATE_SYMBOLS = YES;
				SWIFT_ACTIVE_COMPILATION_CONDITIONS = "DEBUG $(inherited)";
				SWIFT_OPTIMIZATION_LEVEL = "-Onone";
			};
			name = Debug;
		};
		G0000004 /* Release */ = {
			isa = XCBuildConfiguration;
			buildSettings = {
				ALWAYS_SEARCH_USER_PATHS = NO;
				ASSETCATALOG_COMPILER_GENERATE_SWIFT_ASSET_SYMBOL_EXTENSIONS = YES;
				CLANG_ANALYZER_NONNULL = YES;
				CLANG_ANALYZER_NUMBER_OBJECT_CONVERSION = YES_AGGRESSIVE;
				CLANG_CXX_LANGUAGE_STANDARD = "gnu++20";
				CLANG_ENABLE_MODULES = YES;
				CLANG_ENABLE_OBJC_ARC = YES;
				CLANG_ENABLE_OBJC_WEAK = YES;
				CLANG_WARN_BLOCK_CAPTURE_AUTORELEASING = YES;
				CLANG_WARN_BOOL_CONVERSION = YES;
				CLANG_WARN_COMMA = YES;
				CLANG_WARN_CONSTANT_CONVERSION = YES;
				CLANG_WARN_DEPRECATED_OBJC_IMPLEMENTATIONS = YES;
				CLANG_WARN_DIRECT_OBJC_ISA_USAGE = YES_ERROR;
				CLANG_WARN_DOCUMENTATION_COMMENTS = YES;
				CLANG_WARN_EMPTY_BODY = YES;
				CLANG_WARN_ENUM_CONVERSION = YES;
				CLANG_WARN_INFINITE_RECURSION = YES;
				CLANG_WARN_INT_CONVERSION = YES;
				CLANG_WARN_NON_LITERAL_NULL_CONVERSION = YES;
				CLANG_WARN_OBJC_IMPLICIT_RETAIN_SELF = YES;
				CLANG_WARN_OBJC_LITERAL_CONVERSION = YES;
				CLANG_WARN_OBJC_ROOT_CLASS = YES_ERROR;
				CLANG_WARN_QUOTED_INCLUDE_IN_FRAMEWORK_HEADER = YES;
				CLANG_WARN_RANGE_LOOP_ANALYSIS = YES;
				CLANG_WARN_STRICT_PROTOTYPES = YES;
				CLANG_WARN_SUSPICIOUS_MOVE = YES;
				CLANG_WARN_UNGUARDED_AVAILABILITY = YES_AGGRESSIVE;
				CLANG_WARN_UNREACHABLE_CODE = YES;
				CLANG_WARN__DUPLICATE_METHOD_MATCH = YES;
				COPY_PHASE_STRIP = NO;
				DEBUG_INFORMATION_FORMAT = "dwarf-with-dsym";
				DEVELOPMENT_TEAM = VV6PB4PX4X;
				ENABLE_NS_ASSERTIONS = NO;
				ENABLE_STRICT_OBJC_MSGSEND = YES;
				ENABLE_USER_SCRIPT_SANDBOXING = YES;
				GCC_C_LANGUAGE_STANDARD = gnu17;
				GCC_NO_COMMON_BLOCKS = YES;
				GCC_WARN_64_TO_32_BIT_CONVERSION = YES;
				GCC_WARN_ABOUT_RETURN_TYPE = YES_ERROR;
				GCC_WARN_UNDECLARED_SELECTOR = YES;
				GCC_WARN_UNINITIALIZED_AUTOS = YES_AGGRESSIVE;
				GCC_WARN_UNUSED_FUNCTION = YES;
				GCC_WARN_UNUSED_VARIABLE = YES;
				IPHONEOS_DEPLOYMENT_TARGET = 26.2;
				LOCALIZATION_PREFERS_STRING_CATALOGS = YES;
				MTL_ENABLE_DEBUG_INFO = NO;
				MTL_FAST_MATH = YES;
				SDKROOT = iphoneos;
				STRING_CATALOG_GENERATE_SYMBOLS = YES;
				SWIFT_COMPILATION_MODE = wholemodule;
				VALIDATE_PRODUCT = YES;
			};
			name = Release;
		};
/* End XCBuildConfiguration section */

/* Begin XCConfigurationList section */
		4DC2BDDA2F063BC300D0267A /* Build configuration list for PBXNativeTarget "SimpleMailUITests" */ = {
			isa = XCConfigurationList;
			buildConfigurations = (
				4DC2BDD82F063BC300D0267A /* Debug */,
				4DC2BDD92F063BC300D0267A /* Release */,
			);
			defaultConfigurationIsVisible = 0;
			defaultConfigurationName = Release;
		};
		F0000001 /* Build configuration list for PBXNativeTarget "SimpleMail" */ = {
			isa = XCConfigurationList;
			buildConfigurations = (
				G0000001 /* Debug */,
				G0000002 /* Release */,
			);
			defaultConfigurationIsVisible = 0;
			defaultConfigurationName = Release;
		};
		F0000002 /* Build configuration list for PBXProject "SimpleMail" */ = {
			isa = XCConfigurationList;
			buildConfigurations = (
				G0000003 /* Debug */,
				G0000004 /* Release */,
			);
			defaultConfigurationIsVisible = 0;
			defaultConfigurationName = Release;
		};
/* End XCConfigurationList section */
	};
	rootObject = E1000001 /* Project object */;
}
